// !$*UTF8*$!
{
	archiveVersion = 1;
	classes = {
	};
	objectVersion = 46;
	objects = {

/* Begin PBXBuildFile section */
		96BDB30219F588BC00C3DE1A /* main.m in Sources */ = {isa = PBXBuildFile; fileRef = 96BDB30119F588BC00C3DE1A /* main.m */; };
		96BDB30519F588BC00C3DE1A /* AppDelegate.m in Sources */ = {isa = PBXBuildFile; fileRef = 96BDB30419F588BC00C3DE1A /* AppDelegate.m */; };
		96BDB30819F588BC00C3DE1A /* BillSplitter.xcdatamodeld in Sources */ = {isa = PBXBuildFile; fileRef = 96BDB30619F588BC00C3DE1A /* BillSplitter.xcdatamodeld */; };
		96BDB30B19F588BC00C3DE1A /* ViewController.m in Sources */ = {isa = PBXBuildFile; fileRef = 96BDB30A19F588BC00C3DE1A /* ViewController.m */; };
		96BDB30E19F588BC00C3DE1A /* Main.storyboard in Resources */ = {isa = PBXBuildFile; fileRef = 96BDB30C19F588BC00C3DE1A /* Main.storyboard */; };
		96BDB31019F588BC00C3DE1A /* Images.xcassets in Resources */ = {isa = PBXBuildFile; fileRef = 96BDB30F19F588BC00C3DE1A /* Images.xcassets */; };
		96BDB31319F588BC00C3DE1A /* LaunchScreen.xib in Resources */ = {isa = PBXBuildFile; fileRef = 96BDB31119F588BC00C3DE1A /* LaunchScreen.xib */; };
		96BDB31F19F588BC00C3DE1A /* BillSplitterTests.m in Sources */ = {isa = PBXBuildFile; fileRef = 96BDB31E19F588BC00C3DE1A /* BillSplitterTests.m */; };
/* End PBXBuildFile section */

/* Begin PBXContainerItemProxy section */
		96BDB31919F588BC00C3DE1A /* PBXContainerItemProxy */ = {
			isa = PBXContainerItemProxy;
			containerPortal = 96BDB2F419F588BC00C3DE1A /* Project object */;
			proxyType = 1;
			remoteGlobalIDString = 96BDB2FB19F588BC00C3DE1A;
			remoteInfo = BillSplitter;
		};
/* End PBXContainerItemProxy section */

/* Begin PBXFileReference section */
		96BDB2FC19F588BC00C3DE1A /* BillSplitter.app */ = {isa = PBXFileReference; explicitFileType = wrapper.application; includeInIndex = 0; path = BillSplitter.app; sourceTree = BUILT_PRODUCTS_DIR; };
		96BDB30019F588BC00C3DE1A /* Info.plist */ = {isa = PBXFileReference; lastKnownFileType = text.plist.xml; path = Info.plist; sourceTree = "<group>"; };
		96BDB30119F588BC00C3DE1A /* main.m */ = {isa = PBXFileReference; lastKnownFileType = sourcecode.c.objc; path = main.m; sourceTree = "<group>"; };
		96BDB30319F588BC00C3DE1A /* AppDelegate.h */ = {isa = PBXFileReference; lastKnownFileType = sourcecode.c.h; path = AppDelegate.h; sourceTree = "<group>"; };
		96BDB30419F588BC00C3DE1A /* AppDelegate.m */ = {isa = PBXFileReference; lastKnownFileType = sourcecode.c.objc; path = AppDelegate.m; sourceTree = "<group>"; };
		96BDB30719F588BC00C3DE1A /* BillSplitter.xcdatamodel */ = {isa = PBXFileReference; lastKnownFileType = wrapper.xcdatamodel; path = BillSplitter.xcdatamodel; sourceTree = "<group>"; };
		96BDB30919F588BC00C3DE1A /* ViewController.h */ = {isa = PBXFileReference; lastKnownFileType = sourcecode.c.h; path = ViewController.h; sourceTree = "<group>"; };
		96BDB30A19F588BC00C3DE1A /* ViewController.m */ = {isa = PBXFileReference; lastKnownFileType = sourcecode.c.objc; path = ViewController.m; sourceTree = "<group>"; };
		96BDB30D19F588BC00C3DE1A /* Base */ = {isa = PBXFileReference; lastKnownFileType = file.storyboard; name = Base; path = Base.lproj/Main.storyboard; sourceTree = "<group>"; };
		96BDB30F19F588BC00C3DE1A /* Images.xcassets */ = {isa = PBXFileReference; lastKnownFileType = folder.assetcatalog; path = Images.xcassets; sourceTree = "<group>"; };
		96BDB31219F588BC00C3DE1A /* Base */ = {isa = PBXFileReference; lastKnownFileType = file.xib; name = Base; path = Base.lproj/LaunchScreen.xib; sourceTree = "<group>"; };
		96BDB31819F588BC00C3DE1A /* BillSplitterTests.xctest */ = {isa = PBXFileReference; explicitFileType = wrapper.cfbundle; includeInIndex = 0; path = BillSplitterTests.xctest; sourceTree = BUILT_PRODUCTS_DIR; };
		96BDB31D19F588BC00C3DE1A /* Info.plist */ = {isa = PBXFileReference; lastKnownFileType = text.plist.xml; path = Info.plist; sourceTree = "<group>"; };
		96BDB31E19F588BC00C3DE1A /* BillSplitterTests.m */ = {isa = PBXFileReference; lastKnownFileType = sourcecode.c.objc; path = BillSplitterTests.m; sourceTree = "<group>"; };
/* End PBXFileReference section */

/* Begin PBXFrameworksBuildPhase section */
		96BDB2F919F588BC00C3DE1A /* Frameworks */ = {
			isa = PBXFrameworksBuildPhase;
			buildActionMask = 2147483647;
			files = (
			);
			runOnlyForDeploymentPostprocessing = 0;
		};
		96BDB31519F588BC00C3DE1A /* Frameworks */ = {
			isa = PBXFrameworksBuildPhase;
			buildActionMask = 2147483647;
			files = (
			);
			runOnlyForDeploymentPostprocessing = 0;
		};
/* End PBXFrameworksBuildPhase section */

/* Begin PBXGroup section */
		96BDB2F319F588BC00C3DE1A = {
			isa = PBXGroup;
			children = (
				96BDB2FE19F588BC00C3DE1A /* BillSplitter */,
				96BDB31B19F588BC00C3DE1A /* BillSplitterTests */,
				96BDB2FD19F588BC00C3DE1A /* Products */,
			);
			sourceTree = "<group>";
		};
		96BDB2FD19F588BC00C3DE1A /* Products */ = {
			isa = PBXGroup;
			children = (
				96BDB2FC19F588BC00C3DE1A /* BillSplitter.app */,
				96BDB31819F588BC00C3DE1A /* BillSplitterTests.xctest */,
			);
			name = Products;
			sourceTree = "<group>";
		};
		96BDB2FE19F588BC00C3DE1A /* BillSplitter */ = {
			isa = PBXGroup;
			children = (
				96BDB30319F588BC00C3DE1A /* AppDelegate.h */,
				96BDB30419F588BC00C3DE1A /* AppDelegate.m */,
				96BDB30919F588BC00C3DE1A /* ViewController.h */,
				96BDB30A19F588BC00C3DE1A /* ViewController.m */,
				96BDB30C19F588BC00C3DE1A /* Main.storyboard */,
				96BDB30F19F588BC00C3DE1A /* Images.xcassets */,
				96BDB31119F588BC00C3DE1A /* LaunchScreen.xib */,
				96BDB30619F588BC00C3DE1A /* BillSplitter.xcdatamodeld */,
				96BDB2FF19F588BC00C3DE1A /* Supporting Files */,
			);
			path = BillSplitter;
			sourceTree = "<group>";
		};
		96BDB2FF19F588BC00C3DE1A /* Supporting Files */ = {
			isa = PBXGroup;
			children = (
				96BDB30019F588BC00C3DE1A /* Info.plist */,
				96BDB30119F588BC00C3DE1A /* main.m */,
			);
			name = "Supporting Files";
			sourceTree = "<group>";
		};
		96BDB31B19F588BC00C3DE1A /* BillSplitterTests */ = {
			isa = PBXGroup;
			children = (
				96BDB31E19F588BC00C3DE1A /* BillSplitterTests.m */,
				96BDB31C19F588BC00C3DE1A /* Supporting Files */,
			);
			path = BillSplitterTests;
			sourceTree = "<group>";
		};
		96BDB31C19F588BC00C3DE1A /* Supporting Files */ = {
			isa = PBXGroup;
			children = (
				96BDB31D19F588BC00C3DE1A /* Info.plist */,
			);
			name = "Supporting Files";
			sourceTree = "<group>";
		};
/* End PBXGroup section */

/* Begin PBXNativeTarget section */
		96BDB2FB19F588BC00C3DE1A /* BillSplitter */ = {
			isa = PBXNativeTarget;
			buildConfigurationList = 96BDB32219F588BC00C3DE1A /* Build configuration list for PBXNativeTarget "BillSplitter" */;
			buildPhases = (
				96BDB2F819F588BC00C3DE1A /* Sources */,
				96BDB2F919F588BC00C3DE1A /* Frameworks */,
				96BDB2FA19F588BC00C3DE1A /* Resources */,
			);
			buildRules = (
			);
			dependencies = (
			);
			name = BillSplitter;
			productName = BillSplitter;
			productReference = 96BDB2FC19F588BC00C3DE1A /* BillSplitter.app */;
			productType = "com.apple.product-type.application";
		};
		96BDB31719F588BC00C3DE1A /* BillSplitterTests */ = {
			isa = PBXNativeTarget;
			buildConfigurationList = 96BDB32519F588BC00C3DE1A /* Build configuration list for PBXNativeTarget "BillSplitterTests" */;
			buildPhases = (
				96BDB31419F588BC00C3DE1A /* Sources */,
				96BDB31519F588BC00C3DE1A /* Frameworks */,
				96BDB31619F588BC00C3DE1A /* Resources */,
			);
			buildRules = (
			);
			dependencies = (
				96BDB31A19F588BC00C3DE1A /* PBXTargetDependency */,
			);
			name = BillSplitterTests;
			productName = BillSplitterTests;
			productReference = 96BDB31819F588BC00C3DE1A /* BillSplitterTests.xctest */;
			productType = "com.apple.product-type.bundle.unit-test";
		};
/* End PBXNativeTarget section */

/* Begin PBXProject section */
		96BDB2F419F588BC00C3DE1A /* Project object */ = {
			isa = PBXProject;
			attributes = {
				LastUpgradeCheck = 0600;
				ORGANIZATIONNAME = "Calvin Nisbet";
				TargetAttributes = {
					96BDB2FB19F588BC00C3DE1A = {
						CreatedOnToolsVersion = 6.0.1;
					};
					96BDB31719F588BC00C3DE1A = {
						CreatedOnToolsVersion = 6.0.1;
						TestTargetID = 96BDB2FB19F588BC00C3DE1A;
					};
				};
			};
			buildConfigurationList = 96BDB2F719F588BC00C3DE1A /* Build configuration list for PBXProject "BillSplitter" */;
			compatibilityVersion = "Xcode 3.2";
			developmentRegion = English;
			hasScannedForEncodings = 0;
			knownRegions = (
				en,
				Base,
			);
			mainGroup = 96BDB2F319F588BC00C3DE1A;
			productRefGroup = 96BDB2FD19F588BC00C3DE1A /* Products */;
			projectDirPath = "";
			projectRoot = "";
			targets = (
				96BDB2FB19F588BC00C3DE1A /* BillSplitter */,
				96BDB31719F588BC00C3DE1A /* BillSplitterTests */,
			);
		};
/* End PBXProject section */

/* Begin PBXResourcesBuildPhase section */
		96BDB2FA19F588BC00C3DE1A /* Resources */ = {
			isa = PBXResourcesBuildPhase;
			buildActionMask = 2147483647;
			files = (
				96BDB30E19F588BC00C3DE1A /* Main.storyboard in Resources */,
				96BDB31319F588BC00C3DE1A /* LaunchScreen.xib in Resources */,
				96BDB31019F588BC00C3DE1A /* Images.xcassets in Resources */,
			);
			runOnlyForDeploymentPostprocessing = 0;
		};
		96BDB31619F588BC00C3DE1A /* Resources */ = {
			isa = PBXResourcesBuildPhase;
			buildActionMask = 2147483647;
			files = (
			);
			runOnlyForDeploymentPostprocessing = 0;
		};
/* End PBXResourcesBuildPhase section */

/* Begin PBXSourcesBuildPhase section */
		96BDB2F819F588BC00C3DE1A /* Sources */ = {
			isa = PBXSourcesBuildPhase;
			buildActionMask = 2147483647;
			files = (
				96BDB30519F588BC00C3DE1A /* AppDelegate.m in Sources */,
				96BDB30219F588BC00C3DE1A /* main.m in Sources */,
				96BDB30B19F588BC00C3DE1A /* ViewController.m in Sources */,
				96BDB30819F588BC00C3DE1A /* BillSplitter.xcdatamodeld in Sources */,
			);
			runOnlyForDeploymentPostprocessing = 0;
		};
		96BDB31419F588BC00C3DE1A /* Sources */ = {
			isa = PBXSourcesBuildPhase;
			buildActionMask = 2147483647;
			files = (
				96BDB31F19F588BC00C3DE1A /* BillSplitterTests.m in Sources */,
			);
			runOnlyForDeploymentPostprocessing = 0;
		};
/* End PBXSourcesBuildPhase section */

/* Begin PBXTargetDependency section */
		96BDB31A19F588BC00C3DE1A /* PBXTargetDependency */ = {
			isa = PBXTargetDependency;
			target = 96BDB2FB19F588BC00C3DE1A /* BillSplitter */;
			targetProxy = 96BDB31919F588BC00C3DE1A /* PBXContainerItemProxy */;
		};
/* End PBXTargetDependency section */

/* Begin PBXVariantGroup section */
		96BDB30C19F588BC00C3DE1A /* Main.storyboard */ = {
			isa = PBXVariantGroup;
			children = (
				96BDB30D19F588BC00C3DE1A /* Base */,
			);
			name = Main.storyboard;
			sourceTree = "<group>";
		};
		96BDB31119F588BC00C3DE1A /* LaunchScreen.xib */ = {
			isa = PBXVariantGroup;
			children = (
				96BDB31219F588BC00C3DE1A /* Base */,
			);
			name = LaunchScreen.xib;
			sourceTree = "<group>";
		};
/* End PBXVariantGroup section */

/* Begin XCBuildConfiguration section */
		96BDB32019F588BC00C3DE1A /* Debug */ = {
			isa = XCBuildConfiguration;
			buildSettings = {
				ALWAYS_SEARCH_USER_PATHS = NO;
				CLANG_CXX_LANGUAGE_STANDARD = "gnu++0x";
				CLANG_CXX_LIBRARY = "libc++";
				CLANG_ENABLE_MODULES = YES;
				CLANG_ENABLE_OBJC_ARC = YES;
				CLANG_WARN_BOOL_CONVERSION = YES;
				CLANG_WARN_CONSTANT_CONVERSION = YES;
				CLANG_WARN_DIRECT_OBJC_ISA_USAGE = YES_ERROR;
				CLANG_WARN_EMPTY_BODY = YES;
				CLANG_WARN_ENUM_CONVERSION = YES;
				CLANG_WARN_INT_CONVERSION = YES;
				CLANG_WARN_OBJC_ROOT_CLASS = YES_ERROR;
				CLANG_WARN_UNREACHABLE_CODE = YES;
				CLANG_WARN__DUPLICATE_METHOD_MATCH = YES;
				"CODE_SIGN_IDENTITY[sdk=iphoneos*]" = "iPhone Developer";
				COPY_PHASE_STRIP = NO;
				ENABLE_STRICT_OBJC_MSGSEND = YES;
				GCC_C_LANGUAGE_STANDARD = gnu99;
				GCC_DYNAMIC_NO_PIC = NO;
				GCC_OPTIMIZATION_LEVEL = 0;
				GCC_PREPROCESSOR_DEFINITIONS = (
					"DEBUG=1",
					"$(inherited)",
				);
				GCC_SYMBOLS_PRIVATE_EXTERN = NO;
				GCC_WARN_64_TO_32_BIT_CONVERSION = YES;
				GCC_WARN_ABOUT_RETURN_TYPE = YES_ERROR;
				GCC_WARN_UNDECLARED_SELECTOR = YES;
				GCC_WARN_UNINITIALIZED_AUTOS = YES_AGGRESSIVE;
				GCC_WARN_UNUSED_FUNCTION = YES;
				GCC_WARN_UNUSED_VARIABLE = YES;
				IPHONEOS_DEPLOYMENT_TARGET = 8.0;
				MTL_ENABLE_DEBUG_INFO = YES;
				ONLY_ACTIVE_ARCH = YES;
				SDKROOT = iphoneos;
			};
			name = Debug;
		};
		96BDB32119F588BC00C3DE1A /* Release */ = {
			isa = XCBuildConfiguration;
			buildSettings = {
				ALWAYS_SEARCH_USER_PATHS = NO;
				CLANG_CXX_LANGUAGE_STANDARD = "gnu++0x";
				CLANG_CXX_LIBRARY = "libc++";
				CLANG_ENABLE_MODULES = YES;
				CLANG_ENABLE_OBJC_ARC = YES;
				CLANG_WARN_BOOL_CONVERSION = YES;
				CLANG_WARN_CONSTANT_CONVERSION = YES;
				CLANG_WARN_DIRECT_OBJC_ISA_USAGE = YES_ERROR;
				CLANG_WARN_EMPTY_BODY = YES;
				CLANG_WARN_ENUM_CONVERSION = YES;
				CLANG_WARN_INT_CONVERSION = YES;
				CLANG_WARN_OBJC_ROOT_CLASS = YES_ERROR;
				CLANG_WARN_UNREACHABLE_CODE = YES;
				CLANG_WARN__DUPLICATE_METHOD_MATCH = YES;
				"CODE_SIGN_IDENTITY[sdk=iphoneos*]" = "iPhone Developer";
				COPY_PHASE_STRIP = YES;
				ENABLE_NS_ASSERTIONS = NO;
				ENABLE_STRICT_OBJC_MSGSEND = YES;
				GCC_C_LANGUAGE_STANDARD = gnu99;
				GCC_WARN_64_TO_32_BIT_CONVERSION = YES;
				GCC_WARN_ABOUT_RETURN_TYPE = YES_ERROR;
				GCC_WARN_UNDECLARED_SELECTOR = YES;
				GCC_WARN_UNINITIALIZED_AUTOS = YES_AGGRESSIVE;
				GCC_WARN_UNUSED_FUNCTION = YES;
				GCC_WARN_UNUSED_VARIABLE = YES;
				IPHONEOS_DEPLOYMENT_TARGET = 8.0;
				MTL_ENABLE_DEBUG_INFO = NO;
				SDKROOT = iphoneos;
				VALIDATE_PRODUCT = YES;
			};
			name = Release;
		};
		96BDB32319F588BC00C3DE1A /* Debug */ = {
			isa = XCBuildConfiguration;
			buildSettings = {
				ASSETCATALOG_COMPILER_APPICON_NAME = AppIcon;
				INFOPLIST_FILE = BillSplitter/Info.plist;
				LD_RUNPATH_SEARCH_PATHS = "$(inherited) @executable_path/Frameworks";
				PRODUCT_NAME = "$(TARGET_NAME)";
			};
			name = Debug;
		};
		96BDB32419F588BC00C3DE1A /* Release */ = {
			isa = XCBuildConfiguration;
			buildSettings = {
				ASSETCATALOG_COMPILER_APPICON_NAME = AppIcon;
				INFOPLIST_FILE = BillSplitter/Info.plist;
				LD_RUNPATH_SEARCH_PATHS = "$(inherited) @executable_path/Frameworks";
				PRODUCT_NAME = "$(TARGET_NAME)";
			};
			name = Release;
		};
		96BDB32619F588BC00C3DE1A /* Debug */ = {
			isa = XCBuildConfiguration;
			buildSettings = {
				BUNDLE_LOADER = "$(TEST_HOST)";
				FRAMEWORK_SEARCH_PATHS = (
					"$(SDKROOT)/Developer/Library/Frameworks",
					"$(inherited)",
				);
				GCC_PREPROCESSOR_DEFINITIONS = (
					"DEBUG=1",
					"$(inherited)",
				);
				INFOPLIST_FILE = BillSplitterTests/Info.plist;
				LD_RUNPATH_SEARCH_PATHS = "$(inherited) @executable_path/Frameworks @loader_path/Frameworks";
				PRODUCT_NAME = "$(TARGET_NAME)";
				TEST_HOST = "$(BUILT_PRODUCTS_DIR)/BillSplitter.app/BillSplitter";
			};
			name = Debug;
		};
		96BDB32719F588BC00C3DE1A /* Release */ = {
			isa = XCBuildConfiguration;
			buildSettings = {
				BUNDLE_LOADER = "$(TEST_HOST)";
				FRAMEWORK_SEARCH_PATHS = (
					"$(SDKROOT)/Developer/Library/Frameworks",
					"$(inherited)",
				);
				INFOPLIST_FILE = BillSplitterTests/Info.plist;
				LD_RUNPATH_SEARCH_PATHS = "$(inherited) @executable_path/Frameworks @loader_path/Frameworks";
				PRODUCT_NAME = "$(TARGET_NAME)";
				TEST_HOST = "$(BUILT_PRODUCTS_DIR)/BillSplitter.app/BillSplitter";
			};
			name = Release;
		};
/* End XCBuildConfiguration section */

/* Begin XCConfigurationList section */
		96BDB2F719F588BC00C3DE1A /* Build configuration list for PBXProject "BillSplitter" */ = {
			isa = XCConfigurationList;
			buildConfigurations = (
				96BDB32019F588BC00C3DE1A /* Debug */,
				96BDB32119F588BC00C3DE1A /* Release */,
			);
			defaultConfigurationIsVisible = 0;
			defaultConfigurationName = Release;
		};
		96BDB32219F588BC00C3DE1A /* Build configuration list for PBXNativeTarget "BillSplitter" */ = {
			isa = XCConfigurationList;
			buildConfigurations = (
				96BDB32319F588BC00C3DE1A /* Debug */,
				96BDB32419F588BC00C3DE1A /* Release */,
			);
			defaultConfigurationIsVisible = 0;
		};
		96BDB32519F588BC00C3DE1A /* Build configuration list for PBXNativeTarget "BillSplitterTests" */ = {
			isa = XCConfigurationList;
			buildConfigurations = (
				96BDB32619F588BC00C3DE1A /* Debug */,
				96BDB32719F588BC00C3DE1A /* Release */,
			);
			defaultConfigurationIsVisible = 0;
		};
/* End XCConfigurationList section */

/* Begin XCVersionGroup section */
		96BDB30619F588BC00C3DE1A /* BillSplitter.xcdatamodeld */ = {
			isa = XCVersionGroup;
			children = (
				96BDB30719F588BC00C3DE1A /* BillSplitter.xcdatamodel */,
			);
			currentVersion = 96BDB30719F588BC00C3DE1A /* BillSplitter.xcdatamodel */;
			path = BillSplitter.xcdatamodeld;
			sourceTree = "<group>";
			versionGroupType = wrapper.xcdatamodel;
		};
/* End XCVersionGroup section */
	};
	rootObject = 96BDB2F419F588BC00C3DE1A /* Project object */;
}
